uuid: e97f8dc0-e896-4362-8d71-4a934316ef91
langcode: en
status: true
dependencies:
  config:
    - views.view.categories
  module:
    - views
  theme:
    - vmsit
id: product_search_block
theme: vmsit
region: top_header_center
weight: 0
provider: null
plugin: 'views_exposed_filter_block:categories-page_1'
settings:
  id: 'views_exposed_filter_block:categories-page_1'
  label: ''
  provider: views
  label_display: '0'
  views_label: ''
visibility: {  }
